// !$*UTF8*$!
{
	archiveVersion = 1;
	classes = {
	};
	objectVersion = 55;
	objects = {

/* Begin PBXBuildFile section */
		BA08FFA52907DBEB00D6CFF8 /* AppDelegate.swift in Sources */ = {isa = PBXBuildFile; fileRef = BA08FFA42907DBEB00D6CFF8 /* AppDelegate.swift */; };
		BA08FFA72907DBEB00D6CFF8 /* SceneDelegate.swift in Sources */ = {isa = PBXBuildFile; fileRef = BA08FFA62907DBEB00D6CFF8 /* SceneDelegate.swift */; };
		BA08FFA92907DBEB00D6CFF8 /* MainScreenViewController.swift in Sources */ = {isa = PBXBuildFile; fileRef = BA08FFA82907DBEB00D6CFF8 /* MainScreenViewController.swift */; };
		BA08FFAE2907DBEB00D6CFF8 /* Assets.xcassets in Resources */ = {isa = PBXBuildFile; fileRef = BA08FFAD2907DBEB00D6CFF8 /* Assets.xcassets */; };
		BA08FFB12907DBEB00D6CFF8 /* LaunchScreen.storyboard in Resources */ = {isa = PBXBuildFile; fileRef = BA08FFAF2907DBEB00D6CFF8 /* LaunchScreen.storyboard */; };
		BA08FFBA2907E29E00D6CFF8 /* SnapKit in Frameworks */ = {isa = PBXBuildFile; productRef = BA08FFB92907E29E00D6CFF8 /* SnapKit */; };
		BA08FFBE290924DA00D6CFF8 /* MainScreenAssembly.swift in Sources */ = {isa = PBXBuildFile; fileRef = BA08FFBD290924DA00D6CFF8 /* MainScreenAssembly.swift */; };
		BA08FFC0290924E700D6CFF8 /* MainScreenPresenter.swift in Sources */ = {isa = PBXBuildFile; fileRef = BA08FFBF290924E700D6CFF8 /* MainScreenPresenter.swift */; };
		BA08FFC2290927D400D6CFF8 /* MainFlowCoordinator.swift in Sources */ = {isa = PBXBuildFile; fileRef = BA08FFC1290927D400D6CFF8 /* MainFlowCoordinator.swift */; };
		BA08FFC629092FFD00D6CFF8 /* Header.swift in Sources */ = {isa = PBXBuildFile; fileRef = BA08FFC529092FFD00D6CFF8 /* Header.swift */; };
		BA08FFC82909969800D6CFF8 /* TextInputCell.swift in Sources */ = {isa = PBXBuildFile; fileRef = BA08FFC72909969800D6CFF8 /* TextInputCell.swift */; };
		BA1F6799290F0006006D7649 /* CellView.swift in Sources */ = {isa = PBXBuildFile; fileRef = BA1F6798290F0006006D7649 /* CellView.swift */; };
		BA5F2EF329157CF100E79F23 /* Footer.swift in Sources */ = {isa = PBXBuildFile; fileRef = BA5F2EF229157CF100E79F23 /* Footer.swift */; };
/* End PBXBuildFile section */

/* Begin PBXFileReference section */
		BA08FFA12907DBEB00D6CFF8 /* testTask.app */ = {isa = PBXFileReference; explicitFileType = wrapper.application; includeInIndex = 0; path = testTask.app; sourceTree = BUILT_PRODUCTS_DIR; };
		BA08FFA42907DBEB00D6CFF8 /* AppDelegate.swift */ = {isa = PBXFileReference; lastKnownFileType = sourcecode.swift; path = AppDelegate.swift; sourceTree = "<group>"; };
		BA08FFA62907DBEB00D6CFF8 /* SceneDelegate.swift */ = {isa = PBXFileReference; lastKnownFileType = sourcecode.swift; path = SceneDelegate.swift; sourceTree = "<group>"; };
		BA08FFA82907DBEB00D6CFF8 /* MainScreenViewController.swift */ = {isa = PBXFileReference; lastKnownFileType = sourcecode.swift; path = MainScreenViewController.swift; sourceTree = "<group>"; };
		BA08FFAD2907DBEB00D6CFF8 /* Assets.xcassets */ = {isa = PBXFileReference; lastKnownFileType = folder.assetcatalog; path = Assets.xcassets; sourceTree = "<group>"; };
		BA08FFB02907DBEB00D6CFF8 /* Base */ = {isa = PBXFileReference; lastKnownFileType = file.storyboard; name = Base; path = Base.lproj/LaunchScreen.storyboard; sourceTree = "<group>"; };
		BA08FFB22907DBEB00D6CFF8 /* Info.plist */ = {isa = PBXFileReference; lastKnownFileType = text.plist.xml; path = Info.plist; sourceTree = "<group>"; };
		BA08FFBD290924DA00D6CFF8 /* MainScreenAssembly.swift */ = {isa = PBXFileReference; lastKnownFileType = sourcecode.swift; path = MainScreenAssembly.swift; sourceTree = "<group>"; };
		BA08FFBF290924E700D6CFF8 /* MainScreenPresenter.swift */ = {isa = PBXFileReference; lastKnownFileType = sourcecode.swift; path = MainScreenPresenter.swift; sourceTree = "<group>"; };
		BA08FFC1290927D400D6CFF8 /* MainFlowCoordinator.swift */ = {isa = PBXFileReference; lastKnownFileType = sourcecode.swift; path = MainFlowCoordinator.swift; sourceTree = "<group>"; };
		BA08FFC529092FFD00D6CFF8 /* Header.swift */ = {isa = PBXFileReference; lastKnownFileType = sourcecode.swift; path = Header.swift; sourceTree = "<group>"; };
		BA08FFC72909969800D6CFF8 /* TextInputCell.swift */ = {isa = PBXFileReference; lastKnownFileType = sourcecode.swift; path = TextInputCell.swift; sourceTree = "<group>"; };
		BA1F6798290F0006006D7649 /* CellView.swift */ = {isa = PBXFileReference; lastKnownFileType = sourcecode.swift; path = CellView.swift; sourceTree = "<group>"; };
		BA5F2EF229157CF100E79F23 /* Footer.swift */ = {isa = PBXFileReference; lastKnownFileType = sourcecode.swift; path = Footer.swift; sourceTree = "<group>"; };
/* End PBXFileReference section */

/* Begin PBXFrameworksBuildPhase section */
		BA08FF9E2907DBEB00D6CFF8 /* Frameworks */ = {
			isa = PBXFrameworksBuildPhase;
			buildActionMask = 2147483647;
			files = (
				BA08FFBA2907E29E00D6CFF8 /* SnapKit in Frameworks */,
			);
			runOnlyForDeploymentPostprocessing = 0;
		};
/* End PBXFrameworksBuildPhase section */

/* Begin PBXGroup section */
		BA08FF982907DBEB00D6CFF8 = {
			isa = PBXGroup;
			children = (
				BA08FFA32907DBEB00D6CFF8 /* testTask */,
				BA08FFA22907DBEB00D6CFF8 /* Products */,
			);
			sourceTree = "<group>";
		};
		BA08FFA22907DBEB00D6CFF8 /* Products */ = {
			isa = PBXGroup;
			children = (
				BA08FFA12907DBEB00D6CFF8 /* testTask.app */,
			);
			name = Products;
			sourceTree = "<group>";
		};
		BA08FFA32907DBEB00D6CFF8 /* testTask */ = {
			isa = PBXGroup;
			children = (
				BA08FFBC2909249200D6CFF8 /* MainScreen */,
				BA08FFBB2909246600D6CFF8 /* General */,
				BA08FFAD2907DBEB00D6CFF8 /* Assets.xcassets */,
				BA08FFAF2907DBEB00D6CFF8 /* LaunchScreen.storyboard */,
				BA08FFB22907DBEB00D6CFF8 /* Info.plist */,
			);
			path = testTask;
			sourceTree = "<group>";
		};
		BA08FFBB2909246600D6CFF8 /* General */ = {
			isa = PBXGroup;
			children = (
				BA08FFA42907DBEB00D6CFF8 /* AppDelegate.swift */,
				BA08FFA62907DBEB00D6CFF8 /* SceneDelegate.swift */,
				BA08FFC1290927D400D6CFF8 /* MainFlowCoordinator.swift */,
			);
			path = General;
			sourceTree = "<group>";
		};
		BA08FFBC2909249200D6CFF8 /* MainScreen */ = {
			isa = PBXGroup;
			children = (
				BA5F2EF529157D2300E79F23 /* Views */,
				BA08FFA82907DBEB00D6CFF8 /* MainScreenViewController.swift */,
				BA08FFBD290924DA00D6CFF8 /* MainScreenAssembly.swift */,
				BA08FFBF290924E700D6CFF8 /* MainScreenPresenter.swift */,
			);
			path = MainScreen;
			sourceTree = "<group>";
		};
		BA5F2EF529157D2300E79F23 /* Views */ = {
			isa = PBXGroup;
			children = (
				BA08FFC529092FFD00D6CFF8 /* Header.swift */,
				BA5F2EF229157CF100E79F23 /* Footer.swift */,
				BA1F6798290F0006006D7649 /* CellView.swift */,
				BA08FFC72909969800D6CFF8 /* TextInputCell.swift */,
			);
			path = Views;
			sourceTree = "<group>";
		};
/* End PBXGroup section */

/* Begin PBXNativeTarget section */
		BA08FFA02907DBEB00D6CFF8 /* testTask */ = {
			isa = PBXNativeTarget;
			buildConfigurationList = BA08FFB52907DBEB00D6CFF8 /* Build configuration list for PBXNativeTarget "testTask" */;
			buildPhases = (
				BA08FF9D2907DBEB00D6CFF8 /* Sources */,
				BA08FF9E2907DBEB00D6CFF8 /* Frameworks */,
				BA08FF9F2907DBEB00D6CFF8 /* Resources */,
			);
			buildRules = (
			);
			dependencies = (
			);
			name = testTask;
			packageProductDependencies = (
				BA08FFB92907E29E00D6CFF8 /* SnapKit */,
			);
			productName = testTask;
			productReference = BA08FFA12907DBEB00D6CFF8 /* testTask.app */;
			productType = "com.apple.product-type.application";
		};
/* End PBXNativeTarget section */

/* Begin PBXProject section */
		BA08FF992907DBEB00D6CFF8 /* Project object */ = {
			isa = PBXProject;
			attributes = {
				BuildIndependentTargetsInParallel = 1;
				LastSwiftUpdateCheck = 1330;
				LastUpgradeCheck = 1330;
				TargetAttributes = {
					BA08FFA02907DBEB00D6CFF8 = {
						CreatedOnToolsVersion = 13.3.1;
					};
				};
			};
			buildConfigurationList = BA08FF9C2907DBEB00D6CFF8 /* Build configuration list for PBXProject "testTask" */;
			compatibilityVersion = "Xcode 13.0";
			developmentRegion = en;
			hasScannedForEncodings = 0;
			knownRegions = (
				en,
				Base,
			);
			mainGroup = BA08FF982907DBEB00D6CFF8;
			packageReferences = (
				BA08FFB82907E29E00D6CFF8 /* XCRemoteSwiftPackageReference "SnapKit" */,
			);
			productRefGroup = BA08FFA22907DBEB00D6CFF8 /* Products */;
			projectDirPath = "";
			projectRoot = "";
			targets = (
				BA08FFA02907DBEB00D6CFF8 /* testTask */,
			);
		};
/* End PBXProject section */

/* Begin PBXResourcesBuildPhase section */
		BA08FF9F2907DBEB00D6CFF8 /* Resources */ = {
			isa = PBXResourcesBuildPhase;
			buildActionMask = 2147483647;
			files = (
				BA08FFB12907DBEB00D6CFF8 /* LaunchScreen.storyboard in Resources */,
				BA08FFAE2907DBEB00D6CFF8 /* Assets.xcassets in Resources */,
			);
			runOnlyForDeploymentPostprocessing = 0;
		};
/* End PBXResourcesBuildPhase section */

/* Begin PBXSourcesBuildPhase section */
		BA08FF9D2907DBEB00D6CFF8 /* Sources */ = {
			isa = PBXSourcesBuildPhase;
			buildActionMask = 2147483647;
			files = (
				BA08FFC629092FFD00D6CFF8 /* Header.swift in Sources */,
				BA08FFBE290924DA00D6CFF8 /* MainScreenAssembly.swift in Sources */,
				BA08FFA92907DBEB00D6CFF8 /* MainScreenViewController.swift in Sources */,
				BA08FFC82909969800D6CFF8 /* TextInputCell.swift in Sources */,
				BA5F2EF329157CF100E79F23 /* Footer.swift in Sources */,
				BA08FFA52907DBEB00D6CFF8 /* AppDelegate.swift in Sources */,
				BA08FFA72907DBEB00D6CFF8 /* SceneDelegate.swift in Sources */,
				BA08FFC0290924E700D6CFF8 /* MainScreenPresenter.swift in Sources */,
				BA08FFC2290927D400D6CFF8 /* MainFlowCoordinator.swift in Sources */,
				BA1F6799290F0006006D7649 /* CellView.swift in Sources */,
			);
			runOnlyForDeploymentPostprocessing = 0;
		};
/* End PBXSourcesBuildPhase section */

/* Begin PBXVariantGroup section */
		BA08FFAF2907DBEB00D6CFF8 /* LaunchScreen.storyboard */ = {
			isa = PBXVariantGroup;
			children = (
				BA08FFB02907DBEB00D6CFF8 /* Base */,
			);
			name = LaunchScreen.storyboard;
			sourceTree = "<group>";
		};
/* End PBXVariantGroup section */

/* Begin XCBuildConfiguration section */
		BA08FFB32907DBEB00D6CFF8 /* Debug */ = {
			isa = XCBuildConfiguration;
			buildSettings = {
				ALWAYS_SEARCH_USER_PATHS = NO;
				CLANG_ANALYZER_NONNULL = YES;
				CLANG_ANALYZER_NUMBER_OBJECT_CONVERSION = YES_AGGRESSIVE;
				CLANG_CXX_LANGUAGE_STANDARD = "gnu++17";
				CLANG_ENABLE_MODULES = YES;
				CLANG_ENABLE_OBJC_ARC = YES;
				CLANG_ENABLE_OBJC_WEAK = YES;
				CLANG_WARN_BLOCK_CAPTURE_AUTORELEASING = YES;
				CLANG_WARN_BOOL_CONVERSION = YES;
				CLANG_WARN_COMMA = YES;
				CLANG_WARN_CONSTANT_CONVERSION = YES;
				CLANG_WARN_DEPRECATED_OBJC_IMPLEMENTATIONS = YES;
				CLANG_WARN_DIRECT_OBJC_ISA_USAGE = YES_ERROR;
				CLANG_WARN_DOCUMENTATION_COMMENTS = YES;
				CLANG_WARN_EMPTY_BODY = YES;
				CLANG_WARN_ENUM_CONVERSION = YES;
				CLANG_WARN_INFINITE_RECURSION = YES;
				CLANG_WARN_INT_CONVERSION = YES;
				CLANG_WARN_NON_LITERAL_NULL_CONVERSION = YES;
				CLANG_WARN_OBJC_IMPLICIT_RETAIN_SELF = YES;
				CLANG_WARN_OBJC_LITERAL_CONVERSION = YES;
				CLANG_WARN_OBJC_ROOT_CLASS = YES_ERROR;
				CLANG_WARN_QUOTED_INCLUDE_IN_FRAMEWORK_HEADER = YES;
				CLANG_WARN_RANGE_LOOP_ANALYSIS = YES;
				CLANG_WARN_STRICT_PROTOTYPES = YES;
				CLANG_WARN_SUSPICIOUS_MOVE = YES;
				CLANG_WARN_UNGUARDED_AVAILABILITY = YES_AGGRESSIVE;
				CLANG_WARN_UNREACHABLE_CODE = YES;
				CLANG_WARN__DUPLICATE_METHOD_MATCH = YES;
				COPY_PHASE_STRIP = NO;
				DEBUG_INFORMATION_FORMAT = dwarf;
				ENABLE_STRICT_OBJC_MSGSEND = YES;
				ENABLE_TESTABILITY = YES;
				GCC_C_LANGUAGE_STANDARD = gnu11;
				GCC_DYNAMIC_NO_PIC = NO;
				GCC_NO_COMMON_BLOCKS = YES;
				GCC_OPTIMIZATION_LEVEL = 0;
				GCC_PREPROCESSOR_DEFINITIONS = (
					"DEBUG=1",
					"$(inherited)",
				);
				GCC_WARN_64_TO_32_BIT_CONVERSION = YES;
				GCC_WARN_ABOUT_RETURN_TYPE = YES_ERROR;
				GCC_WARN_UNDECLARED_SELECTOR = YES;
				GCC_WARN_UNINITIALIZED_AUTOS = YES_AGGRESSIVE;
				GCC_WARN_UNUSED_FUNCTION = YES;
				GCC_WARN_UNUSED_VARIABLE = YES;
				IPHONEOS_DEPLOYMENT_TARGET = 15.4;
				MTL_ENABLE_DEBUG_INFO = INCLUDE_SOURCE;
				MTL_FAST_MATH = YES;
				ONLY_ACTIVE_ARCH = YES;
				SDKROOT = iphoneos;
				SWIFT_ACTIVE_COMPILATION_CONDITIONS = DEBUG;
				SWIFT_OPTIMIZATION_LEVEL = "-Onone";
			};
			name = Debug;
		};
		BA08FFB42907DBEB00D6CFF8 /* Release */ = {
			isa = XCBuildConfiguration;
			buildSettings = {
				ALWAYS_SEARCH_USER_PATHS = NO;
				CLANG_ANALYZER_NONNULL = YES;
				CLANG_ANALYZER_NUMBER_OBJECT_CONVERSION = YES_AGGRESSIVE;
				CLANG_CXX_LANGUAGE_STANDARD = "gnu++17";
				CLANG_ENABLE_MODULES = YES;
				CLANG_ENABLE_OBJC_ARC = YES;
				CLANG_ENABLE_OBJC_WEAK = YES;
				CLANG_WARN_BLOCK_CAPTURE_AUTORELEASING = YES;
				CLANG_WARN_BOOL_CONVERSION = YES;
				CLANG_WARN_COMMA = YES;
				CLANG_WARN_CONSTANT_CONVERSION = YES;
				CLANG_WARN_DEPRECATED_OBJC_IMPLEMENTATIONS = YES;
				CLANG_WARN_DIRECT_OBJC_ISA_USAGE = YES_ERROR;
				CLANG_WARN_DOCUMENTATION_COMMENTS = YES;
				CLANG_WARN_EMPTY_BODY = YES;
				CLANG_WARN_ENUM_CONVERSION = YES;
				CLANG_WARN_INFINITE_RECURSION = YES;
				CLANG_WARN_INT_CONVERSION = YES;
				CLANG_WARN_NON_LITERAL_NULL_CONVERSION = YES;
				CLANG_WARN_OBJC_IMPLICIT_RETAIN_SELF = YES;
				CLANG_WARN_OBJC_LITERAL_CONVERSION = YES;
				CLANG_WARN_OBJC_ROOT_CLASS = YES_ERROR;
				CLANG_WARN_QUOTED_INCLUDE_IN_FRAMEWORK_HEADER = YES;
				CLANG_WARN_RANGE_LOOP_ANALYSIS = YES;
				CLANG_WARN_STRICT_PROTOTYPES = YES;
				CLANG_WARN_SUSPICIOUS_MOVE = YES;
				CLANG_WARN_UNGUARDED_AVAILABILITY = YES_AGGRESSIVE;
				CLANG_WARN_UNREACHABLE_CODE = YES;
				CLANG_WARN__DUPLICATE_METHOD_MATCH = YES;
				COPY_PHASE_STRIP = NO;
				DEBUG_INFORMATION_FORMAT = "dwarf-with-dsym";
				ENABLE_NS_ASSERTIONS = NO;
				ENABLE_STRICT_OBJC_MSGSEND = YES;
				GCC_C_LANGUAGE_STANDARD = gnu11;
				GCC_NO_COMMON_BLOCKS = YES;
				GCC_WARN_64_TO_32_BIT_CONVERSION = YES;
				GCC_WARN_ABOUT_RETURN_TYPE = YES_ERROR;
				GCC_WARN_UNDECLARED_SELECTOR = YES;
				GCC_WARN_UNINITIALIZED_AUTOS = YES_AGGRESSIVE;
				GCC_WARN_UNUSED_FUNCTION = YES;
				GCC_WARN_UNUSED_VARIABLE = YES;
				IPHONEOS_DEPLOYMENT_TARGET = 15.4;
				MTL_ENABLE_DEBUG_INFO = NO;
				MTL_FAST_MATH = YES;
				SDKROOT = iphoneos;
				SWIFT_COMPILATION_MODE = wholemodule;
				SWIFT_OPTIMIZATION_LEVEL = "-O";
				VALIDATE_PRODUCT = YES;
			};
			name = Release;
		};
		BA08FFB62907DBEB00D6CFF8 /* Debug */ = {
			isa = XCBuildConfiguration;
			buildSettings = {
				ASSETCATALOG_COMPILER_APPICON_NAME = AppIcon;
				ASSETCATALOG_COMPILER_GLOBAL_ACCENT_COLOR_NAME = AccentColor;
				CODE_SIGN_STYLE = Automatic;
				CURRENT_PROJECT_VERSION = 1;
				DEVELOPMENT_TEAM = HYZTUHFK6R;
				GENERATE_INFOPLIST_FILE = YES;
				INFOPLIST_FILE = testTask/Info.plist;
				INFOPLIST_KEY_UIApplicationSupportsIndirectInputEvents = YES;
				INFOPLIST_KEY_UILaunchStoryboardName = LaunchScreen;
				INFOPLIST_KEY_UISupportedInterfaceOrientations_iPad = "UIInterfaceOrientationPortrait UIInterfaceOrientationPortraitUpsideDown UIInterfaceOrientationLandscapeLeft UIInterfaceOrientationLandscapeRight";
				INFOPLIST_KEY_UISupportedInterfaceOrientations_iPhone = "UIInterfaceOrientationPortrait UIInterfaceOrientationLandscapeLeft UIInterfaceOrientationLandscapeRight";
				LD_RUNPATH_SEARCH_PATHS = (
					"$(inherited)",
					"@executable_path/Frameworks",
				);
				MARKETING_VERSION = 1.0;
				PRODUCT_BUNDLE_IDENTIFIER = some.company.testTask;
				PRODUCT_NAME = "$(TARGET_NAME)";
				SWIFT_EMIT_LOC_STRINGS = YES;
				SWIFT_VERSION = 5.0;
				TARGETED_DEVICE_FAMILY = "1,2";
			};
			name = Debug;
		};
		BA08FFB72907DBEB00D6CFF8 /* Release */ = {
			isa = XCBuildConfiguration;
			buildSettings = {
				ASSETCATALOG_COMPILER_APPICON_NAME = AppIcon;
				ASSETCATALOG_COMPILER_GLOBAL_ACCENT_COLOR_NAME = AccentColor;
				CODE_SIGN_STYLE = Automatic;
				CURRENT_PROJECT_VERSION = 1;
				DEVELOPMENT_TEAM = HYZTUHFK6R;
				GENERATE_INFOPLIST_FILE = YES;
				INFOPLIST_FILE = testTask/Info.plist;
				INFOPLIST_KEY_UIApplicationSupportsIndirectInputEvents = YES;
				INFOPLIST_KEY_UILaunchStoryboardName = LaunchScreen;
				INFOPLIST_KEY_UISupportedInterfaceOrientations_iPad = "UIInterfaceOrientationPortrait UIInterfaceOrientationPortraitUpsideDown UIInterfaceOrientationLandscapeLeft UIInterfaceOrientationLandscapeRight";
				INFOPLIST_KEY_UISupportedInterfaceOrientations_iPhone = "UIInterfaceOrientationPortrait UIInterfaceOrientationLandscapeLeft UIInterfaceOrientationLandscapeRight";
				LD_RUNPATH_SEARCH_PATHS = (
					"$(inherited)",
					"@executable_path/Frameworks",
				);
				MARKETING_VERSION = 1.0;
				PRODUCT_BUNDLE_IDENTIFIER = some.company.testTask;
				PRODUCT_NAME = "$(TARGET_NAME)";
				SWIFT_EMIT_LOC_STRINGS = YES;
				SWIFT_VERSION = 5.0;
				TARGETED_DEVICE_FAMILY = "1,2";
			};
			name = Release;
		};
/* End XCBuildConfiguration section */

/* Begin XCConfigurationList section */
		BA08FF9C2907DBEB00D6CFF8 /* Build configuration list for PBXProject "testTask" */ = {
			isa = XCConfigurationList;
			buildConfigurations = (
				BA08FFB32907DBEB00D6CFF8 /* Debug */,
				BA08FFB42907DBEB00D6CFF8 /* Release */,
			);
			defaultConfigurationIsVisible = 0;
			defaultConfigurationName = Release;
		};
		BA08FFB52907DBEB00D6CFF8 /* Build configuration list for PBXNativeTarget "testTask" */ = {
			isa = XCConfigurationList;
			buildConfigurations = (
				BA08FFB62907DBEB00D6CFF8 /* Debug */,
				BA08FFB72907DBEB00D6CFF8 /* Release */,
			);
			defaultConfigurationIsVisible = 0;
			defaultConfigurationName = Release;
		};
/* End XCConfigurationList section */

/* Begin XCRemoteSwiftPackageReference section */
		BA08FFB82907E29E00D6CFF8 /* XCRemoteSwiftPackageReference "SnapKit" */ = {
			isa = XCRemoteSwiftPackageReference;
			repositoryURL = "https://github.com/SnapKit/SnapKit.git";
			requirement = {
				branch = develop;
				kind = branch;
			};
		};
/* End XCRemoteSwiftPackageReference section */

/* Begin XCSwiftPackageProductDependency section */
		BA08FFB92907E29E00D6CFF8 /* SnapKit */ = {
			isa = XCSwiftPackageProductDependency;
			package = BA08FFB82907E29E00D6CFF8 /* XCRemoteSwiftPackageReference "SnapKit" */;
			productName = SnapKit;
		};
/* End XCSwiftPackageProductDependency section */
	};
	rootObject = BA08FF992907DBEB00D6CFF8 /* Project object */;
}
